
Microsoft Visual Studio Solution File, Format Version 12.00
# Visual Studio Version 17
VisualStudioVersion = 17.6.33801.468
MinimumVisualStudioVersion = 10.0.40219.1
Project("{FAE04EC0-301F-11D3-BF4B-00C04F79EFBC}") = "Dataverse.Backend", "Dataverse.Backend\Dataverse.Backend.csproj", "{C1B268CB-17B7-4DC3-BF66-22AC67F1E627}"
EndProject
Project("{FAE04EC0-301F-11D3-BF4B-00C04F79EFBC}") = "Dataverse.Frontend", "Dataverse.Frontend\Dataverse.Frontend.csproj", "{FD4EE99B-E88D-48B3-9E70-4D0A4C0491B9}"
EndProject
Global
	GlobalSection(SolutionConfigurationPlatforms) = preSolution
		Debug|Any CPU = Debug|Any CPU
		Release|Any CPU = Release|Any CPU
	EndGlobalSection
	GlobalSection(ProjectConfigurationPlatforms) = postSolution
		{C1B268CB-17B7-4DC3-BF66-22AC67F1E627}.Debug|Any CPU.ActiveCfg = Debug|Any CPU
		{C1B268CB-17B7-4DC3-BF66-22AC67F1E627}.Debug|Any CPU.Build.0 = Debug|Any CPU
		{C1B268CB-17B7-4DC3-BF66-22AC67F1E627}.Release|Any CPU.ActiveCfg = Release|Any CPU
		{C1B268CB-17B7-4DC3-BF66-22AC67F1E627}.Release|Any CPU.Build.0 = Release|Any CPU
		{FD4EE99B-E88D-48B3-9E70-4D0A4C0491B9}.Debug|Any CPU.ActiveCfg = Debug|Any CPU
		{FD4EE99B-E88D-48B3-9E70-4D0A4C0491B9}.Debug|Any CPU.Build.0 = Debug|Any CPU
		{FD4EE99B-E88D-48B3-9E70-4D0A4C0491B9}.Release|Any CPU.ActiveCfg = Release|Any CPU
		{FD4EE99B-E88D-48B3-9E70-4D0A4C0491B9}.Release|Any CPU.Build.0 = Release|Any CPU
	EndGlobalSection
	GlobalSection(SolutionProperties) = preSolution
		HideSolutionNode = FALSE
	EndGlobalSection
	GlobalSection(ExtensibilityGlobals) = postSolution
		SolutionGuid = {0E186F89-E1C7-49E1-9602-642333E0B704}
	EndGlobalSection
EndGlobal
